# THIS IS AN AUTOGENERATED FILE. DO NOT EDIT THIS FILE DIRECTLY.
# yarn lockfile v1


nest-literal@^1.0.4:
  version "1.0.4"
  resolved "https://registry.yarnpkg.com/nest-literal/-/nest-literal-1.0.4.tgz#a2104a19db4dbdf34d97d5b3fb1dac6429a25a9e"
  integrity sha512-/1YOoS8h26vemb0ij5agF8WNQVhxZAKKxzbh4hO0W38CoP0eWQ/xqkeLpvs5vTQG7mhY2dfuloDhlCtMAvv0aQ==
